
Microsoft Visual Studio Solution File, Format Version 12.00
# Visual Studio Version 17
VisualStudioVersion = 17.6.33723.286
MinimumVisualStudioVersion = 10.0.40219.1
Project("{FAE04EC0-301F-11D3-BF4B-00C04F79EFBC}") = "WebAPIDemo", "WebAPIDemo\WebAPIDemo.csproj", "{91A7C448-2E52-4137-AC7E-E9258D178940}"
EndProject
Global
	GlobalSection(SolutionConfigurationPlatforms) = preSolution
		Debug|Any CPU = Debug|Any CPU
		Release|Any CPU = Release|Any CPU
	EndGlobalSection
	GlobalSection(ProjectConfigurationPlatforms) = postSolution
		{91A7C448-2E52-4137-AC7E-E9258D178940}.Debug|Any CPU.ActiveCfg = Debug|Any CPU
		{91A7C448-2E52-4137-AC7E-E9258D178940}.Debug|Any CPU.Build.0 = Debug|Any CPU
		{91A7C448-2E52-4137-AC7E-E9258D178940}.Release|Any CPU.ActiveCfg = Release|Any CPU
		{91A7C448-2E52-4137-AC7E-E9258D178940}.Release|Any CPU.Build.0 = Release|Any CPU
	EndGlobalSection
	GlobalSection(SolutionProperties) = preSolution
		HideSolutionNode = FALSE
	EndGlobalSection
	GlobalSection(ExtensibilityGlobals) = postSolution
		SolutionGuid = {830818C6-86A4-4386-971C-E2633FCD780D}
	EndGlobalSection
EndGlobal
